
Microsoft Visual Studio Solution File, Format Version 12.00
# Visual Studio Version 17
VisualStudioVersion = 17.4.33205.214
MinimumVisualStudioVersion = 10.0.40219.1
Project("{FAE04EC0-301F-11D3-BF4B-00C04F79EFBC}") = "OrthodoxSite", "OrthodoxSite\OrthodoxSite.csproj", "{88491ABA-8D96-4E96-BE6B-45540B2C029B}"
EndProject
Global
	GlobalSection(SolutionConfigurationPlatforms) = preSolution
		Debug|Any CPU = Debug|Any CPU
		Release|Any CPU = Release|Any CPU
	EndGlobalSection
	GlobalSection(ProjectConfigurationPlatforms) = postSolution
		{88491ABA-8D96-4E96-BE6B-45540B2C029B}.Debug|Any CPU.ActiveCfg = Debug|Any CPU
		{88491ABA-8D96-4E96-BE6B-45540B2C029B}.Debug|Any CPU.Build.0 = Debug|Any CPU
		{88491ABA-8D96-4E96-BE6B-45540B2C029B}.Release|Any CPU.ActiveCfg = Release|Any CPU
		{88491ABA-8D96-4E96-BE6B-45540B2C029B}.Release|Any CPU.Build.0 = Release|Any CPU
	EndGlobalSection
	GlobalSection(SolutionProperties) = preSolution
		HideSolutionNode = FALSE
	EndGlobalSection
	GlobalSection(ExtensibilityGlobals) = postSolution
		SolutionGuid = {8D4889AF-5FD6-4950-830D-5EB4282D7B85}
	EndGlobalSection
EndGlobal
